
Microsoft Visual Studio Solution File, Format Version 12.00
# Visual Studio Version 17
VisualStudioVersion = 17.7.34024.191
MinimumVisualStudioVersion = 10.0.40219.1
Project("{FAE04EC0-301F-11D3-BF4B-00C04F79EFBC}") = "MusicLibDbTest1", "MusicLibDbTest1\MusicLibDbTest1.csproj", "{1688CB6F-B7D1-46CB-A1B2-C1B076A9A150}"
EndProject
Global
	GlobalSection(SolutionConfigurationPlatforms) = preSolution
		Debug|Any CPU = Debug|Any CPU
		Release|Any CPU = Release|Any CPU
	EndGlobalSection
	GlobalSection(ProjectConfigurationPlatforms) = postSolution
		{1688CB6F-B7D1-46CB-A1B2-C1B076A9A150}.Debug|Any CPU.ActiveCfg = Debug|Any CPU
		{1688CB6F-B7D1-46CB-A1B2-C1B076A9A150}.Debug|Any CPU.Build.0 = Debug|Any CPU
		{1688CB6F-B7D1-46CB-A1B2-C1B076A9A150}.Release|Any CPU.ActiveCfg = Release|Any CPU
		{1688CB6F-B7D1-46CB-A1B2-C1B076A9A150}.Release|Any CPU.Build.0 = Release|Any CPU
	EndGlobalSection
	GlobalSection(SolutionProperties) = preSolution
		HideSolutionNode = FALSE
	EndGlobalSection
	GlobalSection(ExtensibilityGlobals) = postSolution
		SolutionGuid = {72D6E10A-2DB1-4713-80E0-09DB5E06E43D}
	EndGlobalSection
EndGlobal
